<Solution>
  <Project Path="Billing.Api.Tests/Billing.Api.Tests.csproj" />
  <Project Path="Billing.Api/Billing.Api.csproj" />
  <Project Path="Billing.Domain.Tests/Billing.Domain.Tests.csproj" />
  <Project Path="Billing.Domain/Billing.Domain.csproj" />
  <Project Path="Billing.Infrastructure.Tests/Billing.Infrastructure.Tests.csproj" />
  <Project Path="Billing.Infrastructure/Billing.Infrastructure.csproj" />
</Solution>
